
Microsoft Visual Studio Solution File, Format Version 12.00
# Visual Studio 2013
VisualStudioVersion = 12.0.31101.0
MinimumVisualStudioVersion = 10.0.40219.1
Project("{FAE04EC0-301F-11D3-BF4B-00C04F79EFBC}") = "TesteImposto", "TesteImposto\TesteImposto.csproj", "{B477192F-814E-4710-8DBC-244AD89157C8}"
EndProject
Project("{FAE04EC0-301F-11D3-BF4B-00C04F79EFBC}") = "Imposto.Core", "Imposto.Core\Imposto.Core.csproj", "{2339C0B3-1E95-4CD3-BFBA-64B377857016}"
EndProject
Project("{2150E333-8FDC-42A3-9474-1A3956D46DE8}") = "Domain", "Domain", "{3954C04E-55DC-42B0-9709-178CF58FBD6E}"
EndProject
Project("{2150E333-8FDC-42A3-9474-1A3956D46DE8}") = "Presentation", "Presentation", "{3AC48D1B-314C-4B90-86C8-031B9D72246D}"
EndProject
Project("{2150E333-8FDC-42A3-9474-1A3956D46DE8}") = "Infrastructure", "Infrastructure", "{4730BEFC-085E-46D0-BFA3-A3D870BEF857}"
EndProject
Project("{FAE04EC0-301F-11D3-BF4B-00C04F79EFBC}") = "Imposto.Infrastructure.Repository", "Imposto.Infrastructure.Repository\Imposto.Infrastructure.Repository.csproj", "{7381FC5B-0C82-483D-BEB0-86172CF22217}"
EndProject
Project("{2150E333-8FDC-42A3-9474-1A3956D46DE8}") = "CrossCuting", "CrossCuting", "{33CB0C81-3F1F-47E6-A9F8-DB7373DC570A}"
EndProject
Project("{FAE04EC0-301F-11D3-BF4B-00C04F79EFBC}") = "Imposto.IoC", "Imposto.IoC\Imposto.IoC.csproj", "{45CD5D43-F30C-4D46-A67E-C7201F5906EB}"
EndProject
Project("{FAE04EC0-301F-11D3-BF4B-00C04F79EFBC}") = "Imposto.Infrastructure.Template", "Imposto.Infrastructure.Template\Imposto.Infrastructure.Template.csproj", "{E9B93A52-55DC-4B78-B8D6-7C03FB1F5ED4}"
EndProject
Project("{FAE04EC0-301F-11D3-BF4B-00C04F79EFBC}") = "Imposto.Configuration", "Imposto.Configuration\Imposto.Configuration.csproj", "{9D615CBC-2681-47CB-BCF6-D4C32DC55166}"
EndProject
Project("{2150E333-8FDC-42A3-9474-1A3956D46DE8}") = "Test", "Test", "{5208EF1B-AC3D-4609-809A-2C3AF2FF07D2}"
EndProject
Project("{FAE04EC0-301F-11D3-BF4B-00C04F79EFBC}") = "Imposto.Test.Unit", "Imposto.Test.Unit\Imposto.Test.Unit.csproj", "{B960A1C7-9E79-4478-883D-999950BDD2A6}"
EndProject
Global
	GlobalSection(SolutionConfigurationPlatforms) = preSolution
		Debug|Any CPU = Debug|Any CPU
		Release|Any CPU = Release|Any CPU
	EndGlobalSection
	GlobalSection(ProjectConfigurationPlatforms) = postSolution
		{B477192F-814E-4710-8DBC-244AD89157C8}.Debug|Any CPU.ActiveCfg = Debug|Any CPU
		{B477192F-814E-4710-8DBC-244AD89157C8}.Debug|Any CPU.Build.0 = Debug|Any CPU
		{B477192F-814E-4710-8DBC-244AD89157C8}.Release|Any CPU.ActiveCfg = Release|Any CPU
		{B477192F-814E-4710-8DBC-244AD89157C8}.Release|Any CPU.Build.0 = Release|Any CPU
		{2339C0B3-1E95-4CD3-BFBA-64B377857016}.Debug|Any CPU.ActiveCfg = Debug|Any CPU
		{2339C0B3-1E95-4CD3-BFBA-64B377857016}.Debug|Any CPU.Build.0 = Debug|Any CPU
		{2339C0B3-1E95-4CD3-BFBA-64B377857016}.Release|Any CPU.ActiveCfg = Release|Any CPU
		{2339C0B3-1E95-4CD3-BFBA-64B377857016}.Release|Any CPU.Build.0 = Release|Any CPU
		{7381FC5B-0C82-483D-BEB0-86172CF22217}.Debug|Any CPU.ActiveCfg = Debug|Any CPU
		{7381FC5B-0C82-483D-BEB0-86172CF22217}.Debug|Any CPU.Build.0 = Debug|Any CPU
		{7381FC5B-0C82-483D-BEB0-86172CF22217}.Release|Any CPU.ActiveCfg = Release|Any CPU
		{7381FC5B-0C82-483D-BEB0-86172CF22217}.Release|Any CPU.Build.0 = Release|Any CPU
		{45CD5D43-F30C-4D46-A67E-C7201F5906EB}.Debug|Any CPU.ActiveCfg = Debug|Any CPU
		{45CD5D43-F30C-4D46-A67E-C7201F5906EB}.Debug|Any CPU.Build.0 = Debug|Any CPU
		{45CD5D43-F30C-4D46-A67E-C7201F5906EB}.Release|Any CPU.ActiveCfg = Release|Any CPU
		{45CD5D43-F30C-4D46-A67E-C7201F5906EB}.Release|Any CPU.Build.0 = Release|Any CPU
		{E9B93A52-55DC-4B78-B8D6-7C03FB1F5ED4}.Debug|Any CPU.ActiveCfg = Debug|Any CPU
		{E9B93A52-55DC-4B78-B8D6-7C03FB1F5ED4}.Debug|Any CPU.Build.0 = Debug|Any CPU
		{E9B93A52-55DC-4B78-B8D6-7C03FB1F5ED4}.Release|Any CPU.ActiveCfg = Release|Any CPU
		{E9B93A52-55DC-4B78-B8D6-7C03FB1F5ED4}.Release|Any CPU.Build.0 = Release|Any CPU
		{9D615CBC-2681-47CB-BCF6-D4C32DC55166}.Debug|Any CPU.ActiveCfg = Debug|Any CPU
		{9D615CBC-2681-47CB-BCF6-D4C32DC55166}.Debug|Any CPU.Build.0 = Debug|Any CPU
		{9D615CBC-2681-47CB-BCF6-D4C32DC55166}.Release|Any CPU.ActiveCfg = Release|Any CPU
		{9D615CBC-2681-47CB-BCF6-D4C32DC55166}.Release|Any CPU.Build.0 = Release|Any CPU
		{B960A1C7-9E79-4478-883D-999950BDD2A6}.Debug|Any CPU.ActiveCfg = Debug|Any CPU
		{B960A1C7-9E79-4478-883D-999950BDD2A6}.Debug|Any CPU.Build.0 = Debug|Any CPU
		{B960A1C7-9E79-4478-883D-999950BDD2A6}.Release|Any CPU.ActiveCfg = Release|Any CPU
		{B960A1C7-9E79-4478-883D-999950BDD2A6}.Release|Any CPU.Build.0 = Release|Any CPU
	EndGlobalSection
	GlobalSection(SolutionProperties) = preSolution
		HideSolutionNode = FALSE
	EndGlobalSection
	GlobalSection(NestedProjects) = preSolution
		{2339C0B3-1E95-4CD3-BFBA-64B377857016} = {3954C04E-55DC-42B0-9709-178CF58FBD6E}
		{B477192F-814E-4710-8DBC-244AD89157C8} = {3AC48D1B-314C-4B90-86C8-031B9D72246D}
		{7381FC5B-0C82-483D-BEB0-86172CF22217} = {4730BEFC-085E-46D0-BFA3-A3D870BEF857}
		{45CD5D43-F30C-4D46-A67E-C7201F5906EB} = {33CB0C81-3F1F-47E6-A9F8-DB7373DC570A}
		{E9B93A52-55DC-4B78-B8D6-7C03FB1F5ED4} = {4730BEFC-085E-46D0-BFA3-A3D870BEF857}
		{9D615CBC-2681-47CB-BCF6-D4C32DC55166} = {33CB0C81-3F1F-47E6-A9F8-DB7373DC570A}
		{B960A1C7-9E79-4478-883D-999950BDD2A6} = {5208EF1B-AC3D-4609-809A-2C3AF2FF07D2}
	EndGlobalSection
EndGlobal
